
Microsoft Visual Studio Solution File, Format Version 12.00
# Visual Studio Version 16
VisualStudioVersion = 16.0.30011.22
MinimumVisualStudioVersion = 10.0.40219.1
Project("{FAE04EC0-301F-11D3-BF4B-00C04F79EFBC}") = "MaQal", "MaQal\MaQal.csproj", "{704CDB46-99A3-4736-A91A-5813CB1E34EF}"
EndProject
Global
	GlobalSection(SolutionConfigurationPlatforms) = preSolution
		Debug|Any CPU = Debug|Any CPU
		Release|Any CPU = Release|Any CPU
	EndGlobalSection
	GlobalSection(ProjectConfigurationPlatforms) = postSolution
		{704CDB46-99A3-4736-A91A-5813CB1E34EF}.Debug|Any CPU.ActiveCfg = Debug|Any CPU
		{704CDB46-99A3-4736-A91A-5813CB1E34EF}.Debug|Any CPU.Build.0 = Debug|Any CPU
		{704CDB46-99A3-4736-A91A-5813CB1E34EF}.Release|Any CPU.ActiveCfg = Release|Any CPU
		{704CDB46-99A3-4736-A91A-5813CB1E34EF}.Release|Any CPU.Build.0 = Release|Any CPU
	EndGlobalSection
	GlobalSection(SolutionProperties) = preSolution
		HideSolutionNode = FALSE
	EndGlobalSection
	GlobalSection(ExtensibilityGlobals) = postSolution
		SolutionGuid = {FAAF65A3-9232-4467-A3B1-7681609BE210}
	EndGlobalSection
EndGlobal
